// !$*UTF8*$!
{
	archiveVersion = 1;
	classes = {
	};
	objectVersion = 46;
	objects = {

/* Begin PBXBuildFile section */
		01183ECB4FE74DC4BB920183 /* libProtocolBuffers.a in Frameworks */ = {isa = PBXBuildFile; fileRef = 45D6F4B5535B4C1FB199418B /* libProtocolBuffers.a */; };
		0207DA581B56EA530066E2B4 /* Images.xcassets in Resources */ = {isa = PBXBuildFile; fileRef = 0207DA571B56EA530066E2B4 /* Images.xcassets */; };
		048E2EAB918A4EE6AEEB89FA /* libGTM_NSStringXML.a in Frameworks */ = {isa = PBXBuildFile; fileRef = D3843A310373484894F28EB0 /* libGTM_NSStringXML.a */; };
		0E334023F19944618B46B0AA /* libGcmLib.a in Frameworks */ = {isa = PBXBuildFile; fileRef = 027AA1648CB44CEFA6AAD2AC /* libGcmLib.a */; };
		0F75E971185849E68ADBAD7C /* AppDelegate+notification.m in Sources */ = {isa = PBXBuildFile; fileRef = DE7A1767B6A34D54B11EA886 /* AppDelegate+notification.m */; };
		1A78F1D2EC4C4795BE7ADEFF /* libGTM_RoundedRectPath.a in Frameworks */ = {isa = PBXBuildFile; fileRef = 0974441F047F4D7F83B9C4BA /* libGTM_RoundedRectPath.a */; };
		1D3623260D0F684500981E51 /* AppDelegate.m in Sources */ = {isa = PBXBuildFile; fileRef = 1D3623250D0F684500981E51 /* AppDelegate.m */; };
		1D60589B0D05DD56006BFB54 /* main.m in Sources */ = {isa = PBXBuildFile; fileRef = 29B97316FDCFA39411CA2CEA /* main.m */; };
		20CA52A8CF214C9485C6590D /* libGTM_UIFont+LineHeight.a in Frameworks */ = {isa = PBXBuildFile; fileRef = 7C51B8277F994482854500E0 /* libGTM_UIFont+LineHeight.a */; };
		2846F0A7E03A4051A3EA4FF7 /* libGTM_NSStringHTML.a in Frameworks */ = {isa = PBXBuildFile; fileRef = F4BA11B42B384895AE8902F3 /* libGTM_NSStringHTML.a */; };
		2937F26316D345FCA5ACEEC7 /* libsqlite3.tbd in Frameworks */ = {isa = PBXBuildFile; fileRef = 7C8C189091504DA594C9ED10 /* libsqlite3.tbd */; };
		301BF552109A68D80062928A /* libCordova.a in Frameworks */ = {isa = PBXBuildFile; fileRef = 301BF535109A57CC0062928A /* libCordova.a */; };
		302D95F114D2391D003F00A1 /* MainViewController.m in Sources */ = {isa = PBXBuildFile; fileRef = 302D95EF14D2391D003F00A1 /* MainViewController.m */; };
		302D95F214D2391D003F00A1 /* MainViewController.xib in Resources */ = {isa = PBXBuildFile; fileRef = 302D95F014D2391D003F00A1 /* MainViewController.xib */; };
		3047A5121AB8059700498E2A /* build-debug.xcconfig in Resources */ = {isa = PBXBuildFile; fileRef = 3047A50F1AB8059700498E2A /* build-debug.xcconfig */; };
		3047A5131AB8059700498E2A /* build-release.xcconfig in Resources */ = {isa = PBXBuildFile; fileRef = 3047A5101AB8059700498E2A /* build-release.xcconfig */; };
		3047A5141AB8059700498E2A /* build.xcconfig in Resources */ = {isa = PBXBuildFile; fileRef = 3047A5111AB8059700498E2A /* build.xcconfig */; };
		38C20710DBA04394B66B1BA1 /* libGGLCore.a in Frameworks */ = {isa = PBXBuildFile; fileRef = 8FCBFD368B5949F88CCE1014 /* libGGLCore.a */; };
		3B025371F5594ACAB26B5B52 /* libGTMSessionFetcher_core.a in Frameworks */ = {isa = PBXBuildFile; fileRef = 248F3CBCCDA44E248D883372 /* libGTMSessionFetcher_core.a */; };
		3F944AEAA75D407A864129D1 /* libGTMStackTrace.a in Frameworks */ = {isa = PBXBuildFile; fileRef = 3A1C38311F7546A2B80B1443 /* libGTMStackTrace.a */; };
		45E78EA82DC74B98A7980383 /* CDVStatusBar.m in Sources */ = {isa = PBXBuildFile; fileRef = 68CA19CCEE1048B59BB3CCF9 /* CDVStatusBar.m */; };
		45E83B0F1CDC44E6B5523C58 /* libGIP_Reachability.a in Frameworks */ = {isa = PBXBuildFile; fileRef = CC78B036C5BE4B0FBD3DB0F4 /* libGIP_Reachability.a */; };
		4978908C481E4A66B53E0648 /* libGTMSessionFetcher_full.a in Frameworks */ = {isa = PBXBuildFile; fileRef = C0D4631981694094A90EE3A3 /* libGTMSessionFetcher_full.a */; };
		5A0C32156BAE47B39CB580E2 /* libGTM_GTMURLBuilder.a in Frameworks */ = {isa = PBXBuildFile; fileRef = 724CAC7D21D54318882268B1 /* libGTM_GTMURLBuilder.a */; };
		7599ED94AD0F445BB14044B2 /* PushPlugin.m in Sources */ = {isa = PBXBuildFile; fileRef = C5BBBC761D2742D18C8DF872 /* PushPlugin.m */; };
		789F5C1FC396473A9E87ACE7 /* libGSDK_Overload.a in Frameworks */ = {isa = PBXBuildFile; fileRef = BBE6BED88C0D4DF2873051EC /* libGSDK_Overload.a */; };
		791F26B051034B5CA5E8BBAC /* libGGLInstanceIDLib.a in Frameworks */ = {isa = PBXBuildFile; fileRef = 50D0E461F2D14596BA8EC52E /* libGGLInstanceIDLib.a */; };
		7EDF8FBE82C9415F9D6D8F6D /* libz.tbd in Frameworks */ = {isa = PBXBuildFile; fileRef = 243AC66EA40B462EA6494EA7 /* libz.tbd */; };
		896607CED8F740CC8B456E5A /* AddressBook.framework in Frameworks */ = {isa = PBXBuildFile; fileRef = 909A499F450840D2BA26FCAD /* AddressBook.framework */; };
		8B3550476F424B9FBC36D7F8 /* libGTM_KVO.a in Frameworks */ = {isa = PBXBuildFile; fileRef = F8FDFE41B3A34B088C420AF1 /* libGTM_KVO.a */; };
		8D17406C548D48AB9D061341 /* libGTM_NSData+zlib.a in Frameworks */ = {isa = PBXBuildFile; fileRef = E74F217AB95F42B2BF32817A /* libGTM_NSData+zlib.a */; };
		95D01F4F82DA40F3B51C271D /* libGTM_SystemVersion.a in Frameworks */ = {isa = PBXBuildFile; fileRef = 28FC6CEA9DD941A5A75D7996 /* libGTM_SystemVersion.a */; };
		9A3612B6648943FCA0178A2A /* libGTM_NSDictionary+URLArguments.a in Frameworks */ = {isa = PBXBuildFile; fileRef = A161E9AEA1CA47AC916FA1E5 /* libGTM_NSDictionary+URLArguments.a */; };
		BB413538DDBE4614ACB7E9A0 /* libGGLCloudMessaging.a in Frameworks */ = {isa = PBXBuildFile; fileRef = 1C9D879728DA4298955D995F /* libGGLCloudMessaging.a */; };
		C1E77FED0C3341EE893167B1 /* libGTM_iPhone.a in Frameworks */ = {isa = PBXBuildFile; fileRef = CD469B664CED4725A003118D /* libGTM_iPhone.a */; };
		C4C678C9AC7340848371774D /* libGTM_core.a in Frameworks */ = {isa = PBXBuildFile; fileRef = 6640866E46C641AF9510A171 /* libGTM_core.a */; };
		D6D30F11B24443E0903E00D5 /* libGTM_NSScannerJSON.a in Frameworks */ = {isa = PBXBuildFile; fileRef = EDBA1F3581F2405A9CFD6F1C /* libGTM_NSScannerJSON.a */; };
		DB623B1DB02C4C29808CB569 /* libGTM_StringEncoding.a in Frameworks */ = {isa = PBXBuildFile; fileRef = A94487D0831E4A479691EDBB /* libGTM_StringEncoding.a */; };
		E27AB0A748384E98802C8D83 /* libGTM_Regex.a in Frameworks */ = {isa = PBXBuildFile; fileRef = 675EE9E4A5754CC39E6E177C /* libGTM_Regex.a */; };
		EFE4242F91264CEC82D440BE /* libGTM_AddressBook.a in Frameworks */ = {isa = PBXBuildFile; fileRef = 740F3B83A3C24995959B8383 /* libGTM_AddressBook.a */; };
		FA216A2EA8464808BF0DFF48 /* libGTM_DebugUtils.a in Frameworks */ = {isa = PBXBuildFile; fileRef = 4D536F42EC8F438491ECC36B /* libGTM_DebugUtils.a */; };
/* End PBXBuildFile section */

/* Begin PBXContainerItemProxy section */
		301BF534109A57CC0062928A /* PBXContainerItemProxy */ = {
			isa = PBXContainerItemProxy;
			containerPortal = 301BF52D109A57CC0062928A /* CordovaLib.xcodeproj */;
			proxyType = 2;
			remoteGlobalIDString = D2AAC07E0554694100DB518D;
			remoteInfo = CordovaLib;
		};
		301BF550109A68C00062928A /* PBXContainerItemProxy */ = {
			isa = PBXContainerItemProxy;
			containerPortal = 301BF52D109A57CC0062928A /* CordovaLib.xcodeproj */;
			proxyType = 1;
			remoteGlobalIDString = D2AAC07D0554694100DB518D;
			remoteInfo = CordovaLib;
		};
/* End PBXContainerItemProxy section */

/* Begin PBXFileReference section */
		0207DA571B56EA530066E2B4 /* Images.xcassets */ = {isa = PBXFileReference; lastKnownFileType = folder.assetcatalog; name = Images.xcassets; path = "K-Silence/Images.xcassets"; sourceTree = SOURCE_ROOT; };
		027AA1648CB44CEFA6AAD2AC /* libGcmLib.a */ = {isa = PBXFileReference; explicitFileType = undefined; fileEncoding = 9; includeInIndex = 0; lastKnownFileType = archive.ar; name = libGcmLib.a; path = "K-Silence/Plugins/phonegap-plugin-push/GCM/Libraries/libGcmLib.a"; sourceTree = "<group>"; };
		03FB4D343EB04559AF145A58 /* GGLContext.h */ = {isa = PBXFileReference; explicitFileType = undefined; fileEncoding = 4; includeInIndex = 0; lastKnownFileType = sourcecode.c.h; name = GGLContext.h; path = "phonegap-plugin-push/GCM/Headers/GGLContext.h"; sourceTree = "<group>"; };
		049BD43B4B7E4C6987614116 /* PushPlugin.h */ = {isa = PBXFileReference; explicitFileType = undefined; fileEncoding = 4; includeInIndex = 0; lastKnownFileType = sourcecode.c.h; name = PushPlugin.h; path = "phonegap-plugin-push/PushPlugin.h"; sourceTree = "<group>"; };
		04DD7F8385A84A748B6A2E01 /* GGLContext+CloudMessaging.h */ = {isa = PBXFileReference; explicitFileType = undefined; fileEncoding = 4; includeInIndex = 0; lastKnownFileType = sourcecode.c.h; name = "GGLContext+CloudMessaging.h"; path = "phonegap-plugin-push/GCM/Headers/GGLContext+CloudMessaging.h"; sourceTree = "<group>"; };
		0974441F047F4D7F83B9C4BA /* libGTM_RoundedRectPath.a */ = {isa = PBXFileReference; explicitFileType = undefined; fileEncoding = 9; includeInIndex = 0; lastKnownFileType = archive.ar; name = libGTM_RoundedRectPath.a; path = "K-Silence/Plugins/phonegap-plugin-push/GCM/Libraries/libGTM_RoundedRectPath.a"; sourceTree = "<group>"; };
		0982F0677BAC4BA2BF1B6A10 /* GGLConfiguration.h */ = {isa = PBXFileReference; explicitFileType = undefined; fileEncoding = 4; includeInIndex = 0; lastKnownFileType = sourcecode.c.h; name = GGLConfiguration.h; path = "phonegap-plugin-push/GCM/Headers/GGLConfiguration.h"; sourceTree = "<group>"; };
		0B71108ABF6F47088466D34F /* GCMReceiverDelegate.h */ = {isa = PBXFileReference; explicitFileType = undefined; fileEncoding = 4; includeInIndex = 0; lastKnownFileType = sourcecode.c.h; name = GCMReceiverDelegate.h; path = "phonegap-plugin-push/GCM/Headers/GCMReceiverDelegate.h"; sourceTree = "<group>"; };
		1C9D879728DA4298955D995F /* libGGLCloudMessaging.a */ = {isa = PBXFileReference; explicitFileType = undefined; fileEncoding = 9; includeInIndex = 0; lastKnownFileType = archive.ar; name = libGGLCloudMessaging.a; path = "K-Silence/Plugins/phonegap-plugin-push/GCM/Libraries/libGGLCloudMessaging.a"; sourceTree = "<group>"; };
		1D3623240D0F684500981E51 /* AppDelegate.h */ = {isa = PBXFileReference; fileEncoding = 4; lastKnownFileType = sourcecode.c.h; path = AppDelegate.h; sourceTree = "<group>"; };
		1D3623250D0F684500981E51 /* AppDelegate.m */ = {isa = PBXFileReference; fileEncoding = 4; lastKnownFileType = sourcecode.c.objc; path = AppDelegate.m; sourceTree = "<group>"; };
		1D4E4837CC294AECB1F4AEE4 /* GoogleCloudMessaging.h */ = {isa = PBXFileReference; explicitFileType = undefined; fileEncoding = 4; includeInIndex = 0; lastKnownFileType = sourcecode.c.h; name = GoogleCloudMessaging.h; path = "phonegap-plugin-push/GCM/Headers/GoogleCloudMessaging.h"; sourceTree = "<group>"; };
		1D6058910D05DD3D006BFB54 /* K-Silence.app */ = {isa = PBXFileReference; explicitFileType = wrapper.application; includeInIndex = 0; path = "K-Silence.app"; sourceTree = BUILT_PRODUCTS_DIR; };
		243AC66EA40B462EA6494EA7 /* libz.tbd */ = {isa = PBXFileReference; explicitFileType = undefined; fileEncoding = 9; includeInIndex = 0; lastKnownFileType = unknown; path = libz.tbd; sourceTree = "<group>"; };
		248F3CBCCDA44E248D883372 /* libGTMSessionFetcher_core.a */ = {isa = PBXFileReference; explicitFileType = undefined; fileEncoding = 9; includeInIndex = 0; lastKnownFileType = archive.ar; name = libGTMSessionFetcher_core.a; path = "K-Silence/Plugins/phonegap-plugin-push/GCM/Libraries/libGTMSessionFetcher_core.a"; sourceTree = "<group>"; };
		28FC6CEA9DD941A5A75D7996 /* libGTM_SystemVersion.a */ = {isa = PBXFileReference; explicitFileType = undefined; fileEncoding = 9; includeInIndex = 0; lastKnownFileType = archive.ar; name = libGTM_SystemVersion.a; path = "K-Silence/Plugins/phonegap-plugin-push/GCM/Libraries/libGTM_SystemVersion.a"; sourceTree = "<group>"; };
		291AE9A6D3D14EC682469CF2 /* GGLInstanceIDDelegate.h */ = {isa = PBXFileReference; explicitFileType = undefined; fileEncoding = 4; includeInIndex = 0; lastKnownFileType = sourcecode.c.h; name = GGLInstanceIDDelegate.h; path = "phonegap-plugin-push/GCM/Headers/GGLInstanceIDDelegate.h"; sourceTree = "<group>"; };
		29B97316FDCFA39411CA2CEA /* main.m */ = {isa = PBXFileReference; fileEncoding = 4; lastKnownFileType = sourcecode.c.objc; path = main.m; sourceTree = "<group>"; };
		2D424A5FC49A4FB093946930 /* GCMPubSub.h */ = {isa = PBXFileReference; explicitFileType = undefined; fileEncoding = 4; includeInIndex = 0; lastKnownFileType = sourcecode.c.h; name = GCMPubSub.h; path = "phonegap-plugin-push/GCM/Headers/GCMPubSub.h"; sourceTree = "<group>"; };
		301BF52D109A57CC0062928A /* CordovaLib.xcodeproj */ = {isa = PBXFileReference; lastKnownFileType = "wrapper.pb-project"; name = CordovaLib.xcodeproj; path = CordovaLib/CordovaLib.xcodeproj; sourceTree = "<group>"; };
		301BF56E109A69640062928A /* www */ = {isa = PBXFileReference; lastKnownFileType = folder; path = www; sourceTree = SOURCE_ROOT; };
		302D95EE14D2391D003F00A1 /* MainViewController.h */ = {isa = PBXFileReference; fileEncoding = 4; lastKnownFileType = sourcecode.c.h; path = MainViewController.h; sourceTree = "<group>"; };
		302D95EF14D2391D003F00A1 /* MainViewController.m */ = {isa = PBXFileReference; fileEncoding = 4; lastKnownFileType = sourcecode.c.objc; path = MainViewController.m; sourceTree = "<group>"; };
		302D95F014D2391D003F00A1 /* MainViewController.xib */ = {isa = PBXFileReference; fileEncoding = 4; lastKnownFileType = file.xib; path = MainViewController.xib; sourceTree = "<group>"; };
		3047A50F1AB8059700498E2A /* build-debug.xcconfig */ = {isa = PBXFileReference; fileEncoding = 4; lastKnownFileType = text.xcconfig; name = "build-debug.xcconfig"; path = "cordova/build-debug.xcconfig"; sourceTree = SOURCE_ROOT; };
		3047A5101AB8059700498E2A /* build-release.xcconfig */ = {isa = PBXFileReference; fileEncoding = 4; lastKnownFileType = text.xcconfig; name = "build-release.xcconfig"; path = "cordova/build-release.xcconfig"; sourceTree = SOURCE_ROOT; };
		3047A5111AB8059700498E2A /* build.xcconfig */ = {isa = PBXFileReference; fileEncoding = 4; lastKnownFileType = text.xcconfig; name = build.xcconfig; path = cordova/build.xcconfig; sourceTree = SOURCE_ROOT; };
		32CA4F630368D1EE00C91783 /* K-Silence-Prefix.pch */ = {isa = PBXFileReference; fileEncoding = 4; lastKnownFileType = sourcecode.c.h; path = "K-Silence-Prefix.pch"; sourceTree = "<group>"; };
		33524767EAD74B0DACFE0DB0 /* GCMConfig.h */ = {isa = PBXFileReference; explicitFileType = undefined; fileEncoding = 4; includeInIndex = 0; lastKnownFileType = sourcecode.c.h; name = GCMConfig.h; path = "phonegap-plugin-push/GCM/Headers/GCMConfig.h"; sourceTree = "<group>"; };
		3A1C38311F7546A2B80B1443 /* libGTMStackTrace.a */ = {isa = PBXFileReference; explicitFileType = undefined; fileEncoding = 9; includeInIndex = 0; lastKnownFileType = archive.ar; name = libGTMStackTrace.a; path = "K-Silence/Plugins/phonegap-plugin-push/GCM/Libraries/libGTMStackTrace.a"; sourceTree = "<group>"; };
		43BCD3794723468EB3969908 /* GCMService.h */ = {isa = PBXFileReference; explicitFileType = undefined; fileEncoding = 4; includeInIndex = 0; lastKnownFileType = sourcecode.c.h; name = GCMService.h; path = "phonegap-plugin-push/GCM/Headers/GCMService.h"; sourceTree = "<group>"; };
		45D6F4B5535B4C1FB199418B /* libProtocolBuffers.a */ = {isa = PBXFileReference; explicitFileType = undefined; fileEncoding = 9; includeInIndex = 0; lastKnownFileType = archive.ar; name = libProtocolBuffers.a; path = "K-Silence/Plugins/phonegap-plugin-push/GCM/Libraries/libProtocolBuffers.a"; sourceTree = "<group>"; };
		4D536F42EC8F438491ECC36B /* libGTM_DebugUtils.a */ = {isa = PBXFileReference; explicitFileType = undefined; fileEncoding = 9; includeInIndex = 0; lastKnownFileType = archive.ar; name = libGTM_DebugUtils.a; path = "K-Silence/Plugins/phonegap-plugin-push/GCM/Libraries/libGTM_DebugUtils.a"; sourceTree = "<group>"; };
		50D0E461F2D14596BA8EC52E /* libGGLInstanceIDLib.a */ = {isa = PBXFileReference; explicitFileType = undefined; fileEncoding = 9; includeInIndex = 0; lastKnownFileType = archive.ar; name = libGGLInstanceIDLib.a; path = "K-Silence/Plugins/phonegap-plugin-push/GCM/Libraries/libGGLInstanceIDLib.a"; sourceTree = "<group>"; };
		54863D2D402143518CB4C30D /* GGLErrorCode.h */ = {isa = PBXFileReference; explicitFileType = undefined; fileEncoding = 4; includeInIndex = 0; lastKnownFileType = sourcecode.c.h; name = GGLErrorCode.h; path = "phonegap-plugin-push/GCM/Headers/GGLErrorCode.h"; sourceTree = "<group>"; };
		6640866E46C641AF9510A171 /* libGTM_core.a */ = {isa = PBXFileReference; explicitFileType = undefined; fileEncoding = 9; includeInIndex = 0; lastKnownFileType = archive.ar; name = libGTM_core.a; path = "K-Silence/Plugins/phonegap-plugin-push/GCM/Libraries/libGTM_core.a"; sourceTree = "<group>"; };
		675EE9E4A5754CC39E6E177C /* libGTM_Regex.a */ = {isa = PBXFileReference; explicitFileType = undefined; fileEncoding = 9; includeInIndex = 0; lastKnownFileType = archive.ar; name = libGTM_Regex.a; path = "K-Silence/Plugins/phonegap-plugin-push/GCM/Libraries/libGTM_Regex.a"; sourceTree = "<group>"; };
		68CA19CCEE1048B59BB3CCF9 /* CDVStatusBar.m */ = {isa = PBXFileReference; explicitFileType = undefined; fileEncoding = 4; includeInIndex = 0; lastKnownFileType = sourcecode.c.objc; name = CDVStatusBar.m; path = "cordova-plugin-statusbar/CDVStatusBar.m"; sourceTree = "<group>"; };
		6964E06DA7E94CC7A19A1A2C /* CDVStatusBar.h */ = {isa = PBXFileReference; explicitFileType = undefined; fileEncoding = 4; includeInIndex = 0; lastKnownFileType = sourcecode.c.h; name = CDVStatusBar.h; path = "cordova-plugin-statusbar/CDVStatusBar.h"; sourceTree = "<group>"; };
		724CAC7D21D54318882268B1 /* libGTM_GTMURLBuilder.a */ = {isa = PBXFileReference; explicitFileType = undefined; fileEncoding = 9; includeInIndex = 0; lastKnownFileType = archive.ar; name = libGTM_GTMURLBuilder.a; path = "K-Silence/Plugins/phonegap-plugin-push/GCM/Libraries/libGTM_GTMURLBuilder.a"; sourceTree = "<group>"; };
		740F3B83A3C24995959B8383 /* libGTM_AddressBook.a */ = {isa = PBXFileReference; explicitFileType = undefined; fileEncoding = 9; includeInIndex = 0; lastKnownFileType = archive.ar; name = libGTM_AddressBook.a; path = "K-Silence/Plugins/phonegap-plugin-push/GCM/Libraries/libGTM_AddressBook.a"; sourceTree = "<group>"; };
		77766A70B9F348EDA499928F /* AppDelegate+notification.h */ = {isa = PBXFileReference; explicitFileType = undefined; fileEncoding = 4; includeInIndex = 0; lastKnownFileType = sourcecode.c.h; name = "AppDelegate+notification.h"; path = "phonegap-plugin-push/AppDelegate+notification.h"; sourceTree = "<group>"; };
		7C51B8277F994482854500E0 /* libGTM_UIFont+LineHeight.a */ = {isa = PBXFileReference; explicitFileType = undefined; fileEncoding = 9; includeInIndex = 0; lastKnownFileType = archive.ar; name = "libGTM_UIFont+LineHeight.a"; path = "K-Silence/Plugins/phonegap-plugin-push/GCM/Libraries/libGTM_UIFont+LineHeight.a"; sourceTree = "<group>"; };
		7C8C189091504DA594C9ED10 /* libsqlite3.tbd */ = {isa = PBXFileReference; explicitFileType = undefined; fileEncoding = 9; includeInIndex = 0; lastKnownFileType = unknown; path = libsqlite3.tbd; sourceTree = "<group>"; };
		86836F38C7284409A3DCAB3D /* Core.h */ = {isa = PBXFileReference; explicitFileType = undefined; fileEncoding = 4; includeInIndex = 0; lastKnownFileType = sourcecode.c.h; name = Core.h; path = "phonegap-plugin-push/GCM/Headers/Core.h"; sourceTree = "<group>"; };
		8D1107310486CEB800E47090 /* K-Silence-Info.plist */ = {isa = PBXFileReference; fileEncoding = 4; lastKnownFileType = text.plist.xml; name = "K-Silence-Info.plist"; path = "K-Silence/K-Silence-Info.plist"; plistStructureDefinitionIdentifier = "com.apple.xcode.plist.structure-definition.iphone.info-plist"; sourceTree = SOURCE_ROOT; };
		8FCBFD368B5949F88CCE1014 /* libGGLCore.a */ = {isa = PBXFileReference; explicitFileType = undefined; fileEncoding = 9; includeInIndex = 0; lastKnownFileType = archive.ar; name = libGGLCore.a; path = "K-Silence/Plugins/phonegap-plugin-push/GCM/Libraries/libGGLCore.a"; sourceTree = "<group>"; };
		909A499F450840D2BA26FCAD /* AddressBook.framework */ = {isa = PBXFileReference; explicitFileType = undefined; fileEncoding = 9; includeInIndex = 0; lastKnownFileType = wrapper.framework; name = AddressBook.framework; path = System/Library/Frameworks/AddressBook.framework; sourceTree = SDKROOT; };
		A161E9AEA1CA47AC916FA1E5 /* libGTM_NSDictionary+URLArguments.a */ = {isa = PBXFileReference; explicitFileType = undefined; fileEncoding = 9; includeInIndex = 0; lastKnownFileType = archive.ar; name = "libGTM_NSDictionary+URLArguments.a"; path = "K-Silence/Plugins/phonegap-plugin-push/GCM/Libraries/libGTM_NSDictionary+URLArguments.a"; sourceTree = "<group>"; };
		A94487D0831E4A479691EDBB /* libGTM_StringEncoding.a */ = {isa = PBXFileReference; explicitFileType = undefined; fileEncoding = 9; includeInIndex = 0; lastKnownFileType = archive.ar; name = libGTM_StringEncoding.a; path = "K-Silence/Plugins/phonegap-plugin-push/GCM/Libraries/libGTM_StringEncoding.a"; sourceTree = "<group>"; };
		B8894D04093B4B27B7D322D8 /* GGLInstanceIDHeaders.h */ = {isa = PBXFileReference; explicitFileType = undefined; fileEncoding = 4; includeInIndex = 0; lastKnownFileType = sourcecode.c.h; name = GGLInstanceIDHeaders.h; path = "phonegap-plugin-push/GCM/Headers/GGLInstanceIDHeaders.h"; sourceTree = "<group>"; };
		BBE6BED88C0D4DF2873051EC /* libGSDK_Overload.a */ = {isa = PBXFileReference; explicitFileType = undefined; fileEncoding = 9; includeInIndex = 0; lastKnownFileType = archive.ar; name = libGSDK_Overload.a; path = "K-Silence/Plugins/phonegap-plugin-push/GCM/Libraries/libGSDK_Overload.a"; sourceTree = "<group>"; };
		C0D4631981694094A90EE3A3 /* libGTMSessionFetcher_full.a */ = {isa = PBXFileReference; explicitFileType = undefined; fileEncoding = 9; includeInIndex = 0; lastKnownFileType = archive.ar; name = libGTMSessionFetcher_full.a; path = "K-Silence/Plugins/phonegap-plugin-push/GCM/Libraries/libGTMSessionFetcher_full.a"; sourceTree = "<group>"; };
		C5BBBC761D2742D18C8DF872 /* PushPlugin.m */ = {isa = PBXFileReference; explicitFileType = undefined; fileEncoding = 4; includeInIndex = 0; lastKnownFileType = sourcecode.c.objc; name = PushPlugin.m; path = "phonegap-plugin-push/PushPlugin.m"; sourceTree = "<group>"; };
		CC78B036C5BE4B0FBD3DB0F4 /* libGIP_Reachability.a */ = {isa = PBXFileReference; explicitFileType = undefined; fileEncoding = 9; includeInIndex = 0; lastKnownFileType = archive.ar; name = libGIP_Reachability.a; path = "K-Silence/Plugins/phonegap-plugin-push/GCM/Libraries/libGIP_Reachability.a"; sourceTree = "<group>"; };
		CD469B664CED4725A003118D /* libGTM_iPhone.a */ = {isa = PBXFileReference; explicitFileType = undefined; fileEncoding = 9; includeInIndex = 0; lastKnownFileType = archive.ar; name = libGTM_iPhone.a; path = "K-Silence/Plugins/phonegap-plugin-push/GCM/Libraries/libGTM_iPhone.a"; sourceTree = "<group>"; };
		D3843A310373484894F28EB0 /* libGTM_NSStringXML.a */ = {isa = PBXFileReference; explicitFileType = undefined; fileEncoding = 9; includeInIndex = 0; lastKnownFileType = archive.ar; name = libGTM_NSStringXML.a; path = "K-Silence/Plugins/phonegap-plugin-push/GCM/Libraries/libGTM_NSStringXML.a"; sourceTree = "<group>"; };
		DE7A1767B6A34D54B11EA886 /* AppDelegate+notification.m */ = {isa = PBXFileReference; explicitFileType = undefined; fileEncoding = 4; includeInIndex = 0; lastKnownFileType = sourcecode.c.objc; name = "AppDelegate+notification.m"; path = "phonegap-plugin-push/AppDelegate+notification.m"; sourceTree = "<group>"; };
		DF47132C995048118AA097A9 /* GGLInstanceIDConfig.h */ = {isa = PBXFileReference; explicitFileType = undefined; fileEncoding = 4; includeInIndex = 0; lastKnownFileType = sourcecode.c.h; name = GGLInstanceIDConfig.h; path = "phonegap-plugin-push/GCM/Headers/GGLInstanceIDConfig.h"; sourceTree = "<group>"; };
		E18B821DB4984572A7BCE486 /* CloudMessaging.h */ = {isa = PBXFileReference; explicitFileType = undefined; fileEncoding = 4; includeInIndex = 0; lastKnownFileType = sourcecode.c.h; name = CloudMessaging.h; path = "phonegap-plugin-push/GCM/Headers/CloudMessaging.h"; sourceTree = "<group>"; };
		E610F73F8A81446AA6675CB9 /* GGLInstanceID.h */ = {isa = PBXFileReference; explicitFileType = undefined; fileEncoding = 4; includeInIndex = 0; lastKnownFileType = sourcecode.c.h; name = GGLInstanceID.h; path = "phonegap-plugin-push/GCM/Headers/GGLInstanceID.h"; sourceTree = "<group>"; };
		E74F217AB95F42B2BF32817A /* libGTM_NSData+zlib.a */ = {isa = PBXFileReference; explicitFileType = undefined; fileEncoding = 9; includeInIndex = 0; lastKnownFileType = archive.ar; name = "libGTM_NSData+zlib.a"; path = "K-Silence/Plugins/phonegap-plugin-push/GCM/Libraries/libGTM_NSData+zlib.a"; sourceTree = "<group>"; };
		EB87FDF31871DA8E0020F90C /* www */ = {isa = PBXFileReference; lastKnownFileType = folder; name = www; path = ../../www; sourceTree = "<group>"; };
		EB87FDF41871DAF40020F90C /* config.xml */ = {isa = PBXFileReference; lastKnownFileType = text.xml; name = config.xml; path = ../../config.xml; sourceTree = "<group>"; };
		ED33DF2A687741AEAF9F8254 /* Bridging-Header.h */ = {isa = PBXFileReference; fileEncoding = 4; lastKnownFileType = sourcecode.c.h; path = "Bridging-Header.h"; sourceTree = "<group>"; };
		EDBA1F3581F2405A9CFD6F1C /* libGTM_NSScannerJSON.a */ = {isa = PBXFileReference; explicitFileType = undefined; fileEncoding = 9; includeInIndex = 0; lastKnownFileType = archive.ar; name = libGTM_NSScannerJSON.a; path = "K-Silence/Plugins/phonegap-plugin-push/GCM/Libraries/libGTM_NSScannerJSON.a"; sourceTree = "<group>"; };
		F4BA11B42B384895AE8902F3 /* libGTM_NSStringHTML.a */ = {isa = PBXFileReference; explicitFileType = undefined; fileEncoding = 9; includeInIndex = 0; lastKnownFileType = archive.ar; name = libGTM_NSStringHTML.a; path = "K-Silence/Plugins/phonegap-plugin-push/GCM/Libraries/libGTM_NSStringHTML.a"; sourceTree = "<group>"; };
		F840E1F0165FE0F500CFE078 /* config.xml */ = {isa = PBXFileReference; lastKnownFileType = text.xml; name = config.xml; path = "K-Silence/config.xml"; sourceTree = "<group>"; };
		F8FDFE41B3A34B088C420AF1 /* libGTM_KVO.a */ = {isa = PBXFileReference; explicitFileType = undefined; fileEncoding = 9; includeInIndex = 0; lastKnownFileType = archive.ar; name = libGTM_KVO.a; path = "K-Silence/Plugins/phonegap-plugin-push/GCM/Libraries/libGTM_KVO.a"; sourceTree = "<group>"; };
/* End PBXFileReference section */

/* Begin PBXFrameworksBuildPhase section */
		1D60588F0D05DD3D006BFB54 /* Frameworks */ = {
			isa = PBXFrameworksBuildPhase;
			buildActionMask = 2147483647;
			files = (
				301BF552109A68D80062928A /* libCordova.a in Frameworks */,
				BB413538DDBE4614ACB7E9A0 /* libGGLCloudMessaging.a in Frameworks */,
				38C20710DBA04394B66B1BA1 /* libGGLCore.a in Frameworks */,
				791F26B051034B5CA5E8BBAC /* libGGLInstanceIDLib.a in Frameworks */,
				45E83B0F1CDC44E6B5523C58 /* libGIP_Reachability.a in Frameworks */,
				789F5C1FC396473A9E87ACE7 /* libGSDK_Overload.a in Frameworks */,
				3B025371F5594ACAB26B5B52 /* libGTMSessionFetcher_core.a in Frameworks */,
				4978908C481E4A66B53E0648 /* libGTMSessionFetcher_full.a in Frameworks */,
				3F944AEAA75D407A864129D1 /* libGTMStackTrace.a in Frameworks */,
				EFE4242F91264CEC82D440BE /* libGTM_AddressBook.a in Frameworks */,
				FA216A2EA8464808BF0DFF48 /* libGTM_DebugUtils.a in Frameworks */,
				5A0C32156BAE47B39CB580E2 /* libGTM_GTMURLBuilder.a in Frameworks */,
				8B3550476F424B9FBC36D7F8 /* libGTM_KVO.a in Frameworks */,
				8D17406C548D48AB9D061341 /* libGTM_NSData+zlib.a in Frameworks */,
				9A3612B6648943FCA0178A2A /* libGTM_NSDictionary+URLArguments.a in Frameworks */,
				D6D30F11B24443E0903E00D5 /* libGTM_NSScannerJSON.a in Frameworks */,
				2846F0A7E03A4051A3EA4FF7 /* libGTM_NSStringHTML.a in Frameworks */,
				048E2EAB918A4EE6AEEB89FA /* libGTM_NSStringXML.a in Frameworks */,
				E27AB0A748384E98802C8D83 /* libGTM_Regex.a in Frameworks */,
				1A78F1D2EC4C4795BE7ADEFF /* libGTM_RoundedRectPath.a in Frameworks */,
				DB623B1DB02C4C29808CB569 /* libGTM_StringEncoding.a in Frameworks */,
				95D01F4F82DA40F3B51C271D /* libGTM_SystemVersion.a in Frameworks */,
				20CA52A8CF214C9485C6590D /* libGTM_UIFont+LineHeight.a in Frameworks */,
				C4C678C9AC7340848371774D /* libGTM_core.a in Frameworks */,
				C1E77FED0C3341EE893167B1 /* libGTM_iPhone.a in Frameworks */,
				0E334023F19944618B46B0AA /* libGcmLib.a in Frameworks */,
				01183ECB4FE74DC4BB920183 /* libProtocolBuffers.a in Frameworks */,
				896607CED8F740CC8B456E5A /* AddressBook.framework in Frameworks */,
				2937F26316D345FCA5ACEEC7 /* libsqlite3.tbd in Frameworks */,
				7EDF8FBE82C9415F9D6D8F6D /* libz.tbd in Frameworks */,
			);
			runOnlyForDeploymentPostprocessing = 0;
		};
/* End PBXFrameworksBuildPhase section */

/* Begin PBXGroup section */
		080E96DDFE201D6D7F000001 /* Classes */ = {
			isa = PBXGroup;
			children = (
				302D95EE14D2391D003F00A1 /* MainViewController.h */,
				302D95EF14D2391D003F00A1 /* MainViewController.m */,
				302D95F014D2391D003F00A1 /* MainViewController.xib */,
				1D3623240D0F684500981E51 /* AppDelegate.h */,
				1D3623250D0F684500981E51 /* AppDelegate.m */,
			);
			name = Classes;
			path = "K-Silence/Classes";
			sourceTree = SOURCE_ROOT;
		};
		19C28FACFE9D520D11CA2CBB /* Products */ = {
			isa = PBXGroup;
			children = (
				1D6058910D05DD3D006BFB54 /* K-Silence.app */,
			);
			name = Products;
			sourceTree = "<group>";
		};
		29B97314FDCFA39411CA2CEA /* CustomTemplate */ = {
			isa = PBXGroup;
			children = (
				EB87FDF41871DAF40020F90C /* config.xml */,
				EB87FDF31871DA8E0020F90C /* www */,
				EB87FDF11871DA420020F90C /* Staging */,
				301BF52D109A57CC0062928A /* CordovaLib.xcodeproj */,
				080E96DDFE201D6D7F000001 /* Classes */,
				307C750510C5A3420062BCA9 /* Plugins */,
				29B97315FDCFA39411CA2CEA /* Other Sources */,
				29B97317FDCFA39411CA2CEA /* Resources */,
				29B97323FDCFA39411CA2CEA /* Frameworks */,
				19C28FACFE9D520D11CA2CBB /* Products */,
			);
			name = CustomTemplate;
			sourceTree = "<group>";
		};
		29B97315FDCFA39411CA2CEA /* Other Sources */ = {
			isa = PBXGroup;
			children = (
				32CA4F630368D1EE00C91783 /* K-Silence-Prefix.pch */,
				29B97316FDCFA39411CA2CEA /* main.m */,
				ED33DF2A687741AEAF9F8254 /* Bridging-Header.h */,
			);
			name = "Other Sources";
			path = "K-Silence";
			sourceTree = "<group>";
		};
		29B97317FDCFA39411CA2CEA /* Resources */ = {
			isa = PBXGroup;
			children = (
				0207DA571B56EA530066E2B4 /* Images.xcassets */,
				3047A50E1AB8057F00498E2A /* config */,
				8D1107310486CEB800E47090 /* K-Silence-Info.plist */,
			);
			name = Resources;
			path = "K-Silence/Resources";
			sourceTree = "<group>";
		};
		29B97323FDCFA39411CA2CEA /* Frameworks */ = {
			isa = PBXGroup;
			children = (
				1C9D879728DA4298955D995F /* libGGLCloudMessaging.a */,
				8FCBFD368B5949F88CCE1014 /* libGGLCore.a */,
				50D0E461F2D14596BA8EC52E /* libGGLInstanceIDLib.a */,
				CC78B036C5BE4B0FBD3DB0F4 /* libGIP_Reachability.a */,
				BBE6BED88C0D4DF2873051EC /* libGSDK_Overload.a */,
				248F3CBCCDA44E248D883372 /* libGTMSessionFetcher_core.a */,
				C0D4631981694094A90EE3A3 /* libGTMSessionFetcher_full.a */,
				3A1C38311F7546A2B80B1443 /* libGTMStackTrace.a */,
				740F3B83A3C24995959B8383 /* libGTM_AddressBook.a */,
				4D536F42EC8F438491ECC36B /* libGTM_DebugUtils.a */,
				724CAC7D21D54318882268B1 /* libGTM_GTMURLBuilder.a */,
				F8FDFE41B3A34B088C420AF1 /* libGTM_KVO.a */,
				E74F217AB95F42B2BF32817A /* libGTM_NSData+zlib.a */,
				A161E9AEA1CA47AC916FA1E5 /* libGTM_NSDictionary+URLArguments.a */,
				EDBA1F3581F2405A9CFD6F1C /* libGTM_NSScannerJSON.a */,
				F4BA11B42B384895AE8902F3 /* libGTM_NSStringHTML.a */,
				D3843A310373484894F28EB0 /* libGTM_NSStringXML.a */,
				675EE9E4A5754CC39E6E177C /* libGTM_Regex.a */,
				0974441F047F4D7F83B9C4BA /* libGTM_RoundedRectPath.a */,
				A94487D0831E4A479691EDBB /* libGTM_StringEncoding.a */,
				28FC6CEA9DD941A5A75D7996 /* libGTM_SystemVersion.a */,
				7C51B8277F994482854500E0 /* libGTM_UIFont+LineHeight.a */,
				6640866E46C641AF9510A171 /* libGTM_core.a */,
				CD469B664CED4725A003118D /* libGTM_iPhone.a */,
				027AA1648CB44CEFA6AAD2AC /* libGcmLib.a */,
				45D6F4B5535B4C1FB199418B /* libProtocolBuffers.a */,
				909A499F450840D2BA26FCAD /* AddressBook.framework */,
				7C8C189091504DA594C9ED10 /* libsqlite3.tbd */,
				243AC66EA40B462EA6494EA7 /* libz.tbd */,
			);
			name = Frameworks;
			sourceTree = "<group>";
		};
		301BF52E109A57CC0062928A /* Products */ = {
			isa = PBXGroup;
			children = (
				301BF535109A57CC0062928A /* libCordova.a */,
			);
			name = Products;
			sourceTree = "<group>";
		};
		3047A50E1AB8057F00498E2A /* config */ = {
			isa = PBXGroup;
			children = (
				3047A50F1AB8059700498E2A /* build-debug.xcconfig */,
				3047A5101AB8059700498E2A /* build-release.xcconfig */,
				3047A5111AB8059700498E2A /* build.xcconfig */,
			);
			name = config;
			sourceTree = "<group>";
		};
		307C750510C5A3420062BCA9 /* Plugins */ = {
			isa = PBXGroup;
			children = (
				68CA19CCEE1048B59BB3CCF9 /* CDVStatusBar.m */,
				6964E06DA7E94CC7A19A1A2C /* CDVStatusBar.h */,
				DE7A1767B6A34D54B11EA886 /* AppDelegate+notification.m */,
				C5BBBC761D2742D18C8DF872 /* PushPlugin.m */,
				77766A70B9F348EDA499928F /* AppDelegate+notification.h */,
				049BD43B4B7E4C6987614116 /* PushPlugin.h */,
				E610F73F8A81446AA6675CB9 /* GGLInstanceID.h */,
				DF47132C995048118AA097A9 /* GGLInstanceIDConfig.h */,
				291AE9A6D3D14EC682469CF2 /* GGLInstanceIDDelegate.h */,
				B8894D04093B4B27B7D322D8 /* GGLInstanceIDHeaders.h */,
				E18B821DB4984572A7BCE486 /* CloudMessaging.h */,
				04DD7F8385A84A748B6A2E01 /* GGLContext+CloudMessaging.h */,
				86836F38C7284409A3DCAB3D /* Core.h */,
				0982F0677BAC4BA2BF1B6A10 /* GGLConfiguration.h */,
				03FB4D343EB04559AF145A58 /* GGLContext.h */,
				54863D2D402143518CB4C30D /* GGLErrorCode.h */,
				33524767EAD74B0DACFE0DB0 /* GCMConfig.h */,
				2D424A5FC49A4FB093946930 /* GCMPubSub.h */,
				0B71108ABF6F47088466D34F /* GCMReceiverDelegate.h */,
				43BCD3794723468EB3969908 /* GCMService.h */,
				1D4E4837CC294AECB1F4AEE4 /* GoogleCloudMessaging.h */,
			);
			name = Plugins;
			path = "K-Silence/Plugins";
			sourceTree = SOURCE_ROOT;
		};
		EB87FDF11871DA420020F90C /* Staging */ = {
			isa = PBXGroup;
			children = (
				F840E1F0165FE0F500CFE078 /* config.xml */,
				301BF56E109A69640062928A /* www */,
			);
			name = Staging;
			sourceTree = "<group>";
		};
/* End PBXGroup section */

/* Begin PBXNativeTarget section */
		1D6058900D05DD3D006BFB54 /* K-Silence */ = {
			isa = PBXNativeTarget;
			buildConfigurationList = 1D6058960D05DD3E006BFB54 /* Build configuration list for PBXNativeTarget "K-Silence" */;
			buildPhases = (
				304B58A110DAC018002A0835 /* Copy www directory */,
				1D60588D0D05DD3D006BFB54 /* Resources */,
				1D60588E0D05DD3D006BFB54 /* Sources */,
				1D60588F0D05DD3D006BFB54 /* Frameworks */,
			);
			buildRules = (
			);
			dependencies = (
				301BF551109A68C00062928A /* PBXTargetDependency */,
			);
			name = "K-Silence";
			productName = "K-Silence";
			productReference = 1D6058910D05DD3D006BFB54 /* K-Silence.app */;
			productType = "com.apple.product-type.application";
		};
/* End PBXNativeTarget section */

/* Begin PBXProject section */
		29B97313FDCFA39411CA2CEA /* Project object */ = {
			isa = PBXProject;
			attributes = {
				LastUpgradeCheck = 510;
				TargetAttributes = {
					1D6058900D05DD3D006BFB54 = {
						DevelopmentTeam = U9LK3N6HXZ;
						SystemCapabilities = {
							com.apple.BackgroundModes = {
								enabled = 1;
							};
							com.apple.Push = {
								enabled = 1;
							};
						};
					};
				};
			};
			buildConfigurationList = C01FCF4E08A954540054247B /* Build configuration list for PBXProject "K-Silence" */;
			compatibilityVersion = "Xcode 3.2";
			developmentRegion = English;
			hasScannedForEncodings = 1;
			knownRegions = (
				en,
			);
			mainGroup = 29B97314FDCFA39411CA2CEA /* CustomTemplate */;
			projectDirPath = "";
			projectReferences = (
				{
					ProductGroup = 301BF52E109A57CC0062928A /* Products */;
					ProjectRef = 301BF52D109A57CC0062928A /* CordovaLib.xcodeproj */;
				},
			);
			projectRoot = "";
			targets = (
				1D6058900D05DD3D006BFB54 /* K-Silence */,
			);
		};
/* End PBXProject section */

/* Begin PBXReferenceProxy section */
		301BF535109A57CC0062928A /* libCordova.a */ = {
			isa = PBXReferenceProxy;
			fileType = archive.ar;
			path = libCordova.a;
			remoteRef = 301BF534109A57CC0062928A /* PBXContainerItemProxy */;
			sourceTree = BUILT_PRODUCTS_DIR;
		};
/* End PBXReferenceProxy section */

/* Begin PBXResourcesBuildPhase section */
		1D60588D0D05DD3D006BFB54 /* Resources */ = {
			isa = PBXResourcesBuildPhase;
			buildActionMask = 2147483647;
			files = (
				302D95F214D2391D003F00A1 /* MainViewController.xib in Resources */,
				3047A5131AB8059700498E2A /* build-release.xcconfig in Resources */,
				3047A5141AB8059700498E2A /* build.xcconfig in Resources */,
				0207DA581B56EA530066E2B4 /* Images.xcassets in Resources */,
				3047A5121AB8059700498E2A /* build-debug.xcconfig in Resources */,
			);
			runOnlyForDeploymentPostprocessing = 0;
		};
/* End PBXResourcesBuildPhase section */

/* Begin PBXShellScriptBuildPhase section */
		304B58A110DAC018002A0835 /* Copy www directory */ = {
			isa = PBXShellScriptBuildPhase;
			buildActionMask = 2147483647;
			files = (
			);
			inputPaths = (
			);
			name = "Copy www directory";
			outputPaths = (
			);
			runOnlyForDeploymentPostprocessing = 0;
			shellPath = /bin/sh;
			shellScript = "NODEJS_PATH=/usr/local/bin; NVM_NODE_PATH=~/.nvm/versions/node/`nvm version 2>/dev/null`/bin; N_NODE_PATH=`find /usr/local/n/versions/node/* -maxdepth 0 -type d 2>/dev/null | tail -1`/bin; XCODE_NODE_PATH=`xcode-select --print-path`/usr/share/xcs/Node/bin; PATH=$NODEJS_PATH:$NVM_NODE_PATH:$N_NODE_PATH:$XCODE_NODE_PATH:$PATH && node cordova/lib/copy-www-build-step.js";
			showEnvVarsInLog = 0;
		};
/* End PBXShellScriptBuildPhase section */

/* Begin PBXSourcesBuildPhase section */
		1D60588E0D05DD3D006BFB54 /* Sources */ = {
			isa = PBXSourcesBuildPhase;
			buildActionMask = 2147483647;
			files = (
				1D60589B0D05DD56006BFB54 /* main.m in Sources */,
				1D3623260D0F684500981E51 /* AppDelegate.m in Sources */,
				302D95F114D2391D003F00A1 /* MainViewController.m in Sources */,
				45E78EA82DC74B98A7980383 /* CDVStatusBar.m in Sources */,
				0F75E971185849E68ADBAD7C /* AppDelegate+notification.m in Sources */,
				7599ED94AD0F445BB14044B2 /* PushPlugin.m in Sources */,
			);
			runOnlyForDeploymentPostprocessing = 0;
		};
/* End PBXSourcesBuildPhase section */

/* Begin PBXTargetDependency section */
		301BF551109A68C00062928A /* PBXTargetDependency */ = {
			isa = PBXTargetDependency;
			name = CordovaLib;
			targetProxy = 301BF550109A68C00062928A /* PBXContainerItemProxy */;
		};
/* End PBXTargetDependency section */

/* Begin XCBuildConfiguration section */
		1D6058940D05DD3E006BFB54 /* Debug */ = {
			isa = XCBuildConfiguration;
			baseConfigurationReference = 3047A50F1AB8059700498E2A /* build-debug.xcconfig */;
			buildSettings = {
				ALWAYS_SEARCH_USER_PATHS = NO;
				ASSETCATALOG_COMPILER_APPICON_NAME = AppIcon;
				ASSETCATALOG_COMPILER_LAUNCHIMAGE_NAME = LaunchImage;
				CLANG_ENABLE_MODULES = YES;
				CLANG_ENABLE_OBJC_ARC = YES;
				CODE_SIGN_IDENTITY = "iPhone Developer";
				"CODE_SIGN_IDENTITY[sdk=iphoneos*]" = "iPhone Developer";
				COPY_PHASE_STRIP = NO;
				GCC_DYNAMIC_NO_PIC = NO;
				GCC_OPTIMIZATION_LEVEL = 0;
				GCC_PRECOMPILE_PREFIX_HEADER = YES;
				GCC_PREFIX_HEADER = "K-Silence/K-Silence-Prefix.pch";
				GCC_THUMB_SUPPORT = NO;
				GCC_VERSION = "";
				INFOPLIST_FILE = "K-Silence/K-Silence-Info.plist";
				LD_RUNPATH_SEARCH_PATHS = "@executable_path/Frameworks";
				LIBRARY_SEARCH_PATHS = (
					"$(inherited)",
					"\"$(SRCROOT)/K-Silence/Plugins/phonegap-plugin-push/GCM/Libraries\"",
					"\"$(SRCROOT)/K-Silence/Plugins/phonegap-plugin-push/GCM/Libraries\"",
					"\"$(SRCROOT)/K-Silence/Plugins/phonegap-plugin-push/GCM/Libraries\"",
					"\"$(SRCROOT)/K-Silence/Plugins/phonegap-plugin-push/GCM/Libraries\"",
					"\"$(SRCROOT)/K-Silence/Plugins/phonegap-plugin-push/GCM/Libraries\"",
					"\"$(SRCROOT)/K-Silence/Plugins/phonegap-plugin-push/GCM/Libraries\"",
					"\"$(SRCROOT)/K-Silence/Plugins/phonegap-plugin-push/GCM/Libraries\"",
					"\"$(SRCROOT)/K-Silence/Plugins/phonegap-plugin-push/GCM/Libraries\"",
					"\"$(SRCROOT)/K-Silence/Plugins/phonegap-plugin-push/GCM/Libraries\"",
					"\"$(SRCROOT)/K-Silence/Plugins/phonegap-plugin-push/GCM/Libraries\"",
					"\"$(SRCROOT)/K-Silence/Plugins/phonegap-plugin-push/GCM/Libraries\"",
					"\"$(SRCROOT)/K-Silence/Plugins/phonegap-plugin-push/GCM/Libraries\"",
					"\"$(SRCROOT)/K-Silence/Plugins/phonegap-plugin-push/GCM/Libraries\"",
					"\"$(SRCROOT)/K-Silence/Plugins/phonegap-plugin-push/GCM/Libraries\"",
					"\"$(SRCROOT)/K-Silence/Plugins/phonegap-plugin-push/GCM/Libraries\"",
					"\"$(SRCROOT)/K-Silence/Plugins/phonegap-plugin-push/GCM/Libraries\"",
					"\"$(SRCROOT)/K-Silence/Plugins/phonegap-plugin-push/GCM/Libraries\"",
					"\"$(SRCROOT)/K-Silence/Plugins/phonegap-plugin-push/GCM/Libraries\"",
					"\"$(SRCROOT)/K-Silence/Plugins/phonegap-plugin-push/GCM/Libraries\"",
					"\"$(SRCROOT)/K-Silence/Plugins/phonegap-plugin-push/GCM/Libraries\"",
					"\"$(SRCROOT)/K-Silence/Plugins/phonegap-plugin-push/GCM/Libraries\"",
					"\"$(SRCROOT)/K-Silence/Plugins/phonegap-plugin-push/GCM/Libraries\"",
					"\"$(SRCROOT)/K-Silence/Plugins/phonegap-plugin-push/GCM/Libraries\"",
					"\"$(SRCROOT)/K-Silence/Plugins/phonegap-plugin-push/GCM/Libraries\"",
					"\"$(SRCROOT)/K-Silence/Plugins/phonegap-plugin-push/GCM/Libraries\"",
					"\"$(SRCROOT)/K-Silence/Plugins/phonegap-plugin-push/GCM/Libraries\"",
				);
				PRODUCT_NAME = "K-Silence";
				PROVISIONING_PROFILE = "";
			};
			name = Debug;
		};
		1D6058950D05DD3E006BFB54 /* Release */ = {
			isa = XCBuildConfiguration;
			baseConfigurationReference = 3047A5101AB8059700498E2A /* build-release.xcconfig */;
			buildSettings = {
				ALWAYS_SEARCH_USER_PATHS = NO;
				ASSETCATALOG_COMPILER_APPICON_NAME = AppIcon;
				ASSETCATALOG_COMPILER_LAUNCHIMAGE_NAME = LaunchImage;
				CLANG_ENABLE_MODULES = YES;
				CLANG_ENABLE_OBJC_ARC = YES;
				CODE_SIGN_IDENTITY = "iPhone Developer";
				"CODE_SIGN_IDENTITY[sdk=iphoneos*]" = "iPhone Developer";
				COPY_PHASE_STRIP = YES;
				GCC_PRECOMPILE_PREFIX_HEADER = YES;
				GCC_PREFIX_HEADER = "K-Silence/K-Silence-Prefix.pch";
				GCC_THUMB_SUPPORT = NO;
				GCC_VERSION = "";
				INFOPLIST_FILE = "K-Silence/K-Silence-Info.plist";
				LIBRARY_SEARCH_PATHS = (
					"$(inherited)",
					"\"$(SRCROOT)/K-Silence/Plugins/phonegap-plugin-push/GCM/Libraries\"",
					"\"$(SRCROOT)/K-Silence/Plugins/phonegap-plugin-push/GCM/Libraries\"",
					"\"$(SRCROOT)/K-Silence/Plugins/phonegap-plugin-push/GCM/Libraries\"",
					"\"$(SRCROOT)/K-Silence/Plugins/phonegap-plugin-push/GCM/Libraries\"",
					"\"$(SRCROOT)/K-Silence/Plugins/phonegap-plugin-push/GCM/Libraries\"",
					"\"$(SRCROOT)/K-Silence/Plugins/phonegap-plugin-push/GCM/Libraries\"",
					"\"$(SRCROOT)/K-Silence/Plugins/phonegap-plugin-push/GCM/Libraries\"",
					"\"$(SRCROOT)/K-Silence/Plugins/phonegap-plugin-push/GCM/Libraries\"",
					"\"$(SRCROOT)/K-Silence/Plugins/phonegap-plugin-push/GCM/Libraries\"",
					"\"$(SRCROOT)/K-Silence/Plugins/phonegap-plugin-push/GCM/Libraries\"",
					"\"$(SRCROOT)/K-Silence/Plugins/phonegap-plugin-push/GCM/Libraries\"",
					"\"$(SRCROOT)/K-Silence/Plugins/phonegap-plugin-push/GCM/Libraries\"",
					"\"$(SRCROOT)/K-Silence/Plugins/phonegap-plugin-push/GCM/Libraries\"",
					"\"$(SRCROOT)/K-Silence/Plugins/phonegap-plugin-push/GCM/Libraries\"",
					"\"$(SRCROOT)/K-Silence/Plugins/phonegap-plugin-push/GCM/Libraries\"",
					"\"$(SRCROOT)/K-Silence/Plugins/phonegap-plugin-push/GCM/Libraries\"",
					"\"$(SRCROOT)/K-Silence/Plugins/phonegap-plugin-push/GCM/Libraries\"",
					"\"$(SRCROOT)/K-Silence/Plugins/phonegap-plugin-push/GCM/Libraries\"",
					"\"$(SRCROOT)/K-Silence/Plugins/phonegap-plugin-push/GCM/Libraries\"",
					"\"$(SRCROOT)/K-Silence/Plugins/phonegap-plugin-push/GCM/Libraries\"",
					"\"$(SRCROOT)/K-Silence/Plugins/phonegap-plugin-push/GCM/Libraries\"",
					"\"$(SRCROOT)/K-Silence/Plugins/phonegap-plugin-push/GCM/Libraries\"",
					"\"$(SRCROOT)/K-Silence/Plugins/phonegap-plugin-push/GCM/Libraries\"",
					"\"$(SRCROOT)/K-Silence/Plugins/phonegap-plugin-push/GCM/Libraries\"",
					"\"$(SRCROOT)/K-Silence/Plugins/phonegap-plugin-push/GCM/Libraries\"",
					"\"$(SRCROOT)/K-Silence/Plugins/phonegap-plugin-push/GCM/Libraries\"",
				);
				PRODUCT_NAME = "K-Silence";
				PROVISIONING_PROFILE = "";
			};
			name = Release;
		};
		C01FCF4F08A954540054247B /* Debug */ = {
			isa = XCBuildConfiguration;
			baseConfigurationReference = 3047A5111AB8059700498E2A /* build.xcconfig */;
			buildSettings = {
				CLANG_ENABLE_MODULES = YES;
				CLANG_ENABLE_OBJC_ARC = YES;
				CLANG_WARN_BOOL_CONVERSION = YES;
				CLANG_WARN_CONSTANT_CONVERSION = YES;
				CLANG_WARN_EMPTY_BODY = YES;
				CLANG_WARN_ENUM_CONVERSION = YES;
				CLANG_WARN_INT_CONVERSION = YES;
				CLANG_WARN__DUPLICATE_METHOD_MATCH = YES;
				GCC_C_LANGUAGE_STANDARD = c99;
				GCC_THUMB_SUPPORT = NO;
				GCC_VERSION = "";
				GCC_WARN_ABOUT_RETURN_TYPE = YES;
				GCC_WARN_UNDECLARED_SELECTOR = YES;
				GCC_WARN_UNINITIALIZED_AUTOS = YES;
				GCC_WARN_UNUSED_FUNCTION = YES;
				GCC_WARN_UNUSED_VARIABLE = YES;
				ONLY_ACTIVE_ARCH = YES;
				SDKROOT = iphoneos;
				SKIP_INSTALL = NO;
			};
			name = Debug;
		};
		C01FCF5008A954540054247B /* Release */ = {
			isa = XCBuildConfiguration;
			baseConfigurationReference = 3047A5111AB8059700498E2A /* build.xcconfig */;
			buildSettings = {
				CLANG_ENABLE_MODULES = YES;
				CLANG_ENABLE_OBJC_ARC = YES;
				CLANG_WARN_BOOL_CONVERSION = YES;
				CLANG_WARN_CONSTANT_CONVERSION = YES;
				CLANG_WARN_EMPTY_BODY = YES;
				CLANG_WARN_ENUM_CONVERSION = YES;
				CLANG_WARN_INT_CONVERSION = YES;
				CLANG_WARN__DUPLICATE_METHOD_MATCH = YES;
				GCC_C_LANGUAGE_STANDARD = c99;
				GCC_THUMB_SUPPORT = NO;
				GCC_VERSION = "";
				GCC_WARN_ABOUT_RETURN_TYPE = YES;
				GCC_WARN_UNDECLARED_SELECTOR = YES;
				GCC_WARN_UNINITIALIZED_AUTOS = YES;
				GCC_WARN_UNUSED_FUNCTION = YES;
				GCC_WARN_UNUSED_VARIABLE = YES;
				SDKROOT = iphoneos;
				SKIP_INSTALL = NO;
			};
			name = Release;
		};
/* End XCBuildConfiguration section */

/* Begin XCConfigurationList section */
		1D6058960D05DD3E006BFB54 /* Build configuration list for PBXNativeTarget "K-Silence" */ = {
			isa = XCConfigurationList;
			buildConfigurations = (
				1D6058940D05DD3E006BFB54 /* Debug */,
				1D6058950D05DD3E006BFB54 /* Release */,
			);
			defaultConfigurationIsVisible = 0;
			defaultConfigurationName = Release;
		};
		C01FCF4E08A954540054247B /* Build configuration list for PBXProject "K-Silence" */ = {
			isa = XCConfigurationList;
			buildConfigurations = (
				C01FCF4F08A954540054247B /* Debug */,
				C01FCF5008A954540054247B /* Release */,
			);
			defaultConfigurationIsVisible = 0;
			defaultConfigurationName = Release;
		};
/* End XCConfigurationList section */
	};
	rootObject = 29B97313FDCFA39411CA2CEA /* Project object */;
}
